
Microsoft Visual Studio Solution File, Format Version 12.00
# Visual Studio 15
VisualStudioVersion = 15.0.28010.2026
MinimumVisualStudioVersion = 10.0.40219.1
Project("{FAE04EC0-301F-11D3-BF4B-00C04F79EFBC}") = "GreenhouseWeb", "GreenhouseWeb\GreenhouseWeb.csproj", "{0843B764-167D-4771-A8AF-966BDBA60B2F}"
EndProject
Project("{FAE04EC0-301F-11D3-BF4B-00C04F79EFBC}") = "GreenhouseWeb.Tests", "GreenhouseWeb.Tests\GreenhouseWeb.Tests.csproj", "{D0078BB8-4DCC-4FA8-9B88-AF590BD6C81F}"
EndProject
Global
	GlobalSection(SolutionConfigurationPlatforms) = preSolution
		Debug|Any CPU = Debug|Any CPU
		Release|Any CPU = Release|Any CPU
	EndGlobalSection
	GlobalSection(ProjectConfigurationPlatforms) = postSolution
		{0843B764-167D-4771-A8AF-966BDBA60B2F}.Debug|Any CPU.ActiveCfg = Debug|Any CPU
		{0843B764-167D-4771-A8AF-966BDBA60B2F}.Debug|Any CPU.Build.0 = Debug|Any CPU
		{0843B764-167D-4771-A8AF-966BDBA60B2F}.Release|Any CPU.ActiveCfg = Release|Any CPU
		{0843B764-167D-4771-A8AF-966BDBA60B2F}.Release|Any CPU.Build.0 = Release|Any CPU
		{D0078BB8-4DCC-4FA8-9B88-AF590BD6C81F}.Debug|Any CPU.ActiveCfg = Debug|Any CPU
		{D0078BB8-4DCC-4FA8-9B88-AF590BD6C81F}.Debug|Any CPU.Build.0 = Debug|Any CPU
		{D0078BB8-4DCC-4FA8-9B88-AF590BD6C81F}.Release|Any CPU.ActiveCfg = Release|Any CPU
		{D0078BB8-4DCC-4FA8-9B88-AF590BD6C81F}.Release|Any CPU.Build.0 = Release|Any CPU
	EndGlobalSection
	GlobalSection(SolutionProperties) = preSolution
		HideSolutionNode = FALSE
	EndGlobalSection
	GlobalSection(ExtensibilityGlobals) = postSolution
		SolutionGuid = {30E4628F-612B-4EE3-BD82-25A5D8AEBF6D}
	EndGlobalSection
EndGlobal
